
Microsoft Visual Studio Solution File, Format Version 12.00
Project("{FAE04EC0-301F-11D3-BF4B-00C04F79EFBC}") = "Server", "Server\Server.csproj", "{D992502E-5986-4D12-A373-1BFC4E79E4D1}"
EndProject
Project("{54A90642-561A-4BB1-A94E-469ADEE60C69}") = "client", "client\client.esproj", "{CED6167C-56FF-49C6-8CD8-2CEA46ED4B4A}"
EndProject
Global
	GlobalSection(SolutionConfigurationPlatforms) = preSolution
		Debug|Any CPU = Debug|Any CPU
		Release|Any CPU = Release|Any CPU
	EndGlobalSection
	GlobalSection(ProjectConfigurationPlatforms) = postSolution
		{D992502E-5986-4D12-A373-1BFC4E79E4D1}.Debug|Any CPU.ActiveCfg = Debug|Any CPU
		{D992502E-5986-4D12-A373-1BFC4E79E4D1}.Debug|Any CPU.Build.0 = Debug|Any CPU
		{D992502E-5986-4D12-A373-1BFC4E79E4D1}.Release|Any CPU.ActiveCfg = Release|Any CPU
		{D992502E-5986-4D12-A373-1BFC4E79E4D1}.Release|Any CPU.Build.0 = Release|Any CPU
		{CED6167C-56FF-49C6-8CD8-2CEA46ED4B4A}.Debug|Any CPU.ActiveCfg = Debug|Any CPU
		{CED6167C-56FF-49C6-8CD8-2CEA46ED4B4A}.Debug|Any CPU.Build.0 = Debug|Any CPU
		{CED6167C-56FF-49C6-8CD8-2CEA46ED4B4A}.Release|Any CPU.ActiveCfg = Debug|Any CPU
		{CED6167C-56FF-49C6-8CD8-2CEA46ED4B4A}.Release|Any CPU.Build.0 = Debug|Any CPU
	EndGlobalSection
EndGlobal
